# THIS IS AN AUTOGENERATED FILE. DO NOT EDIT THIS FILE DIRECTLY.
# yarn lockfile v1


arpscan@^0.5.0:
  version "0.5.0"
  resolved "https://registry.yarnpkg.com/arpscan/-/arpscan-0.5.0.tgz#e5e16370dd5e3417de0ee3863143da8ddc6b5f44"
  dependencies:
    commander "^2.7.1"
    gextend "^0.1.6"
    suspawn "^0.2.2"

commander@^2.7.1:
  version "2.11.0"
  resolved "https://registry.yarnpkg.com/commander/-/commander-2.11.0.tgz#157152fd1e7a6c8d98a5b715cf376df928004563"

gextend@^0.1.6:
  version "0.1.6"
  resolved "https://registry.yarnpkg.com/gextend/-/gextend-0.1.6.tgz#ede42c0f0bbf53fd0f5f101c416343caf6bd8472"

suspawn@^0.2.2:
  version "0.2.2"
  resolved "https://registry.yarnpkg.com/suspawn/-/suspawn-0.2.2.tgz#0a540fda0817579e8905b56e29de1bf483a5f3c3"
